
Microsoft Visual Studio Solution File, Format Version 12.00
# Visual Studio Version 17
VisualStudioVersion = 17.3.32929.385
MinimumVisualStudioVersion = 10.0.40219.1
Project("{FAE04EC0-301F-11D3-BF4B-00C04F79EFBC}") = "Construction_Company", "Construction_Company\Construction_Company.csproj", "{861F51B9-8600-4EB3-96A7-21EAEB437973}"
EndProject
Global
	GlobalSection(SolutionConfigurationPlatforms) = preSolution
		Debug|Any CPU = Debug|Any CPU
		Release|Any CPU = Release|Any CPU
	EndGlobalSection
	GlobalSection(ProjectConfigurationPlatforms) = postSolution
		{861F51B9-8600-4EB3-96A7-21EAEB437973}.Debug|Any CPU.ActiveCfg = Debug|Any CPU
		{861F51B9-8600-4EB3-96A7-21EAEB437973}.Debug|Any CPU.Build.0 = Debug|Any CPU
		{861F51B9-8600-4EB3-96A7-21EAEB437973}.Release|Any CPU.ActiveCfg = Release|Any CPU
		{861F51B9-8600-4EB3-96A7-21EAEB437973}.Release|Any CPU.Build.0 = Release|Any CPU
	EndGlobalSection
	GlobalSection(SolutionProperties) = preSolution
		HideSolutionNode = FALSE
	EndGlobalSection
	GlobalSection(ExtensibilityGlobals) = postSolution
		SolutionGuid = {1C88C2A6-AF9A-46CD-99B8-26305F49E9C1}
	EndGlobalSection
EndGlobal
